
Microsoft Visual Studio Solution File, Format Version 12.00
# Visual Studio 2012
Project("{FAE04EC0-301F-11D3-BF4B-00C04F79EFBC}") = "ConferenceManagement.Api", "ConferenceManagement.Api\ConferenceManagement.Api.csproj", "{F2918997-DA26-4FFF-831D-5FF70DE71EEF}"
EndProject
Global
	GlobalSection(SolutionConfigurationPlatforms) = preSolution
		Debug|Any CPU = Debug|Any CPU
		Release|Any CPU = Release|Any CPU
	EndGlobalSection
	GlobalSection(ProjectConfigurationPlatforms) = postSolution
		{F2918997-DA26-4FFF-831D-5FF70DE71EEF}.Debug|Any CPU.ActiveCfg = Debug|Any CPU
		{F2918997-DA26-4FFF-831D-5FF70DE71EEF}.Debug|Any CPU.Build.0 = Debug|Any CPU
		{F2918997-DA26-4FFF-831D-5FF70DE71EEF}.Release|Any CPU.ActiveCfg = Release|Any CPU
		{F2918997-DA26-4FFF-831D-5FF70DE71EEF}.Release|Any CPU.Build.0 = Release|Any CPU
	EndGlobalSection
	GlobalSection(SolutionProperties) = preSolution
		HideSolutionNode = FALSE
	EndGlobalSection
EndGlobal
